
Microsoft Visual Studio Solution File, Format Version 12.00
Project("{FAE04EC0-301F-11D3-BF4B-00C04F79EFBC}") = "AssetSuite", "AssetSuite\AssetSuite.csproj", "{2967ADCB-9391-4840-BC66-E3C866C19178}"
EndProject
Project("{FAE04EC0-301F-11D3-BF4B-00C04F79EFBC}") = "AssetSuite.UI", "AssetSuite.UI\AssetSuite.UI.csproj", "{7BCD49F0-CEAB-4035-93A6-E8B0BA81D76F}"
EndProject
Global
	GlobalSection(SolutionConfigurationPlatforms) = preSolution
		Debug|Any CPU = Debug|Any CPU
		Release|Any CPU = Release|Any CPU
	EndGlobalSection
	GlobalSection(ProjectConfigurationPlatforms) = postSolution
		{2967ADCB-9391-4840-BC66-E3C866C19178}.Debug|Any CPU.ActiveCfg = Debug|Any CPU
		{2967ADCB-9391-4840-BC66-E3C866C19178}.Debug|Any CPU.Build.0 = Debug|Any CPU
		{2967ADCB-9391-4840-BC66-E3C866C19178}.Release|Any CPU.ActiveCfg = Release|Any CPU
		{2967ADCB-9391-4840-BC66-E3C866C19178}.Release|Any CPU.Build.0 = Release|Any CPU
		{7BCD49F0-CEAB-4035-93A6-E8B0BA81D76F}.Debug|Any CPU.ActiveCfg = Debug|Any CPU
		{7BCD49F0-CEAB-4035-93A6-E8B0BA81D76F}.Debug|Any CPU.Build.0 = Debug|Any CPU
		{7BCD49F0-CEAB-4035-93A6-E8B0BA81D76F}.Release|Any CPU.ActiveCfg = Release|Any CPU
		{7BCD49F0-CEAB-4035-93A6-E8B0BA81D76F}.Release|Any CPU.Build.0 = Release|Any CPU
	EndGlobalSection
EndGlobal
